
Microsoft Visual Studio Solution File, Format Version 12.00
# Visual Studio Version 17
VisualStudioVersion = 17.11.35312.102
MinimumVisualStudioVersion = 10.0.40219.1
Project("{FAE04EC0-301F-11D3-BF4B-00C04F79EFBC}") = "THLAP8", "THLAP8\THLAP8.csproj", "{2E63241E-CB17-405D-966C-6BB1D7F6D2E1}"
EndProject
Global
	GlobalSection(SolutionConfigurationPlatforms) = preSolution
		Debug|Any CPU = Debug|Any CPU
		Release|Any CPU = Release|Any CPU
	EndGlobalSection
	GlobalSection(ProjectConfigurationPlatforms) = postSolution
		{2E63241E-CB17-405D-966C-6BB1D7F6D2E1}.Debug|Any CPU.ActiveCfg = Debug|Any CPU
		{2E63241E-CB17-405D-966C-6BB1D7F6D2E1}.Debug|Any CPU.Build.0 = Debug|Any CPU
		{2E63241E-CB17-405D-966C-6BB1D7F6D2E1}.Release|Any CPU.ActiveCfg = Release|Any CPU
		{2E63241E-CB17-405D-966C-6BB1D7F6D2E1}.Release|Any CPU.Build.0 = Release|Any CPU
	EndGlobalSection
	GlobalSection(SolutionProperties) = preSolution
		HideSolutionNode = FALSE
	EndGlobalSection
	GlobalSection(ExtensibilityGlobals) = postSolution
		SolutionGuid = {37D36C71-41C6-4FC6-8631-BF5883EE8ABE}
	EndGlobalSection
EndGlobal
