
Microsoft Visual Studio Solution File, Format Version 12.00
# Visual Studio Version 17
VisualStudioVersion = 17.11.35312.102
MinimumVisualStudioVersion = 10.0.40219.1
Project("{FAE04EC0-301F-11D3-BF4B-00C04F79EFBC}") = "THLQP9", "THLQP9\THLQP9.csproj", "{1DF6BCD7-237B-4263-8ED6-8E94607993FD}"
EndProject
Global
	GlobalSection(SolutionConfigurationPlatforms) = preSolution
		Debug|Any CPU = Debug|Any CPU
		Release|Any CPU = Release|Any CPU
	EndGlobalSection
	GlobalSection(ProjectConfigurationPlatforms) = postSolution
		{1DF6BCD7-237B-4263-8ED6-8E94607993FD}.Debug|Any CPU.ActiveCfg = Debug|Any CPU
		{1DF6BCD7-237B-4263-8ED6-8E94607993FD}.Debug|Any CPU.Build.0 = Debug|Any CPU
		{1DF6BCD7-237B-4263-8ED6-8E94607993FD}.Release|Any CPU.ActiveCfg = Release|Any CPU
		{1DF6BCD7-237B-4263-8ED6-8E94607993FD}.Release|Any CPU.Build.0 = Release|Any CPU
	EndGlobalSection
	GlobalSection(SolutionProperties) = preSolution
		HideSolutionNode = FALSE
	EndGlobalSection
	GlobalSection(ExtensibilityGlobals) = postSolution
		SolutionGuid = {ED389897-2F99-428E-A683-549BE8FA8129}
	EndGlobalSection
EndGlobal
